
Microsoft Visual Studio Solution File, Format Version 12.00
# Visual Studio Version 17
VisualStudioVersion = 17.10.35004.147
MinimumVisualStudioVersion = 10.0.40219.1
Project("{9A19103F-16F7-4668-BE54-9A1E7A4F7556}") = "SportsClothes.BL", "SportsClothes.BL\SportsClothes.BL.csproj", "{56F15393-F863-47D1-8548-BF9AC1841C02}"
EndProject
Project("{9A19103F-16F7-4668-BE54-9A1E7A4F7556}") = "SportsClothes.CORE", "SportsClothes.CORE\SportsClothes.CORE.csproj", "{D830655B-CA9F-4313-A270-11829CF0AB64}"
EndProject
Project("{9A19103F-16F7-4668-BE54-9A1E7A4F7556}") = "SportsClothes.DAOMOCK", "SportsClothes.DAOMOCK\SportsClothes.DAOMOCK.csproj", "{BE06BBC6-D1D2-4C8C-99A7-0F96ADBF15B7}"
EndProject
Project("{9A19103F-16F7-4668-BE54-9A1E7A4F7556}") = "SportsClothes.DAOSQL", "SportsClothes.DAOSQL\SportsClothes.DAOSQL.csproj", "{AA197B11-0F66-4326-B6D9-9E73131F9D86}"
EndProject
Project("{9A19103F-16F7-4668-BE54-9A1E7A4F7556}") = "SportsClothes.INTERFACES", "SportsClothes.INTERFACES\SportsClothes.INTERFACES.csproj", "{9A660BCD-54CE-436C-B815-05F644A76ADF}"
EndProject
Project("{9A19103F-16F7-4668-BE54-9A1E7A4F7556}") = "SportsClothes.UI", "SportsClothes.UI\SportsClothes.UI.csproj", "{4D8B4C26-7AEC-43A7-86D5-9538CB6975BB}"
EndProject
Project("{9A19103F-16F7-4668-BE54-9A1E7A4F7556}") = "SportsClothes.UI.WEBAPP", "SportsClothes.UI.WEBAPP\SportsClothes.UI.WEBAPP.csproj", "{339DF42B-27B5-4FD0-B915-97DD0D68216C}"
EndProject
Global
	GlobalSection(SolutionConfigurationPlatforms) = preSolution
		Debug|Any CPU = Debug|Any CPU
		Release|Any CPU = Release|Any CPU
	EndGlobalSection
	GlobalSection(ProjectConfigurationPlatforms) = postSolution
		{56F15393-F863-47D1-8548-BF9AC1841C02}.Debug|Any CPU.ActiveCfg = Debug|Any CPU
		{56F15393-F863-47D1-8548-BF9AC1841C02}.Debug|Any CPU.Build.0 = Debug|Any CPU
		{56F15393-F863-47D1-8548-BF9AC1841C02}.Release|Any CPU.ActiveCfg = Release|Any CPU
		{56F15393-F863-47D1-8548-BF9AC1841C02}.Release|Any CPU.Build.0 = Release|Any CPU
		{D830655B-CA9F-4313-A270-11829CF0AB64}.Debug|Any CPU.ActiveCfg = Debug|Any CPU
		{D830655B-CA9F-4313-A270-11829CF0AB64}.Debug|Any CPU.Build.0 = Debug|Any CPU
		{D830655B-CA9F-4313-A270-11829CF0AB64}.Release|Any CPU.ActiveCfg = Release|Any CPU
		{D830655B-CA9F-4313-A270-11829CF0AB64}.Release|Any CPU.Build.0 = Release|Any CPU
		{BE06BBC6-D1D2-4C8C-99A7-0F96ADBF15B7}.Debug|Any CPU.ActiveCfg = Debug|Any CPU
		{BE06BBC6-D1D2-4C8C-99A7-0F96ADBF15B7}.Debug|Any CPU.Build.0 = Debug|Any CPU
		{BE06BBC6-D1D2-4C8C-99A7-0F96ADBF15B7}.Release|Any CPU.ActiveCfg = Release|Any CPU
		{BE06BBC6-D1D2-4C8C-99A7-0F96ADBF15B7}.Release|Any CPU.Build.0 = Release|Any CPU
		{AA197B11-0F66-4326-B6D9-9E73131F9D86}.Debug|Any CPU.ActiveCfg = Debug|Any CPU
		{AA197B11-0F66-4326-B6D9-9E73131F9D86}.Debug|Any CPU.Build.0 = Debug|Any CPU
		{AA197B11-0F66-4326-B6D9-9E73131F9D86}.Release|Any CPU.ActiveCfg = Release|Any CPU
		{AA197B11-0F66-4326-B6D9-9E73131F9D86}.Release|Any CPU.Build.0 = Release|Any CPU
		{9A660BCD-54CE-436C-B815-05F644A76ADF}.Debug|Any CPU.ActiveCfg = Debug|Any CPU
		{9A660BCD-54CE-436C-B815-05F644A76ADF}.Debug|Any CPU.Build.0 = Debug|Any CPU
		{9A660BCD-54CE-436C-B815-05F644A76ADF}.Release|Any CPU.ActiveCfg = Release|Any CPU
		{9A660BCD-54CE-436C-B815-05F644A76ADF}.Release|Any CPU.Build.0 = Release|Any CPU
		{4D8B4C26-7AEC-43A7-86D5-9538CB6975BB}.Debug|Any CPU.ActiveCfg = Debug|Any CPU
		{4D8B4C26-7AEC-43A7-86D5-9538CB6975BB}.Debug|Any CPU.Build.0 = Debug|Any CPU
		{4D8B4C26-7AEC-43A7-86D5-9538CB6975BB}.Release|Any CPU.ActiveCfg = Release|Any CPU
		{4D8B4C26-7AEC-43A7-86D5-9538CB6975BB}.Release|Any CPU.Build.0 = Release|Any CPU
		{339DF42B-27B5-4FD0-B915-97DD0D68216C}.Debug|Any CPU.ActiveCfg = Debug|Any CPU
		{339DF42B-27B5-4FD0-B915-97DD0D68216C}.Debug|Any CPU.Build.0 = Debug|Any CPU
		{339DF42B-27B5-4FD0-B915-97DD0D68216C}.Release|Any CPU.ActiveCfg = Release|Any CPU
		{339DF42B-27B5-4FD0-B915-97DD0D68216C}.Release|Any CPU.Build.0 = Release|Any CPU
	EndGlobalSection
	GlobalSection(SolutionProperties) = preSolution
		HideSolutionNode = FALSE
	EndGlobalSection
	GlobalSection(ExtensibilityGlobals) = postSolution
		SolutionGuid = {3C4C7CCC-0621-4301-B2E7-E761BFF4C1FF}
	EndGlobalSection
EndGlobal
